
Microsoft Visual Studio Solution File, Format Version 12.00
# Visual Studio Version 17
VisualStudioVersion = 17.0.31903.59
MinimumVisualStudioVersion = 10.0.40219.1
Project("{2150E333-8FDC-42A3-9474-1A3956D46DE8}") = "src", "src", "{827E0CD3-B72D-47B6-A68D-7590B98EB39B}"
EndProject
Project("{FAE04EC0-301F-11D3-BF4B-00C04F79EFBC}") = "Aarogya.Api", "src\Aarogya.Api\Aarogya.Api.csproj", "{448A5953-D6CC-4E53-AD9D-17F92B3A0E4E}"
EndProject
Project("{FAE04EC0-301F-11D3-BF4B-00C04F79EFBC}") = "Aarogya.Domain", "src\Aarogya.Domain\Aarogya.Domain.csproj", "{1C7E056B-115C-43A8-8C14-3FDFC2660734}"
EndProject
Project("{FAE04EC0-301F-11D3-BF4B-00C04F79EFBC}") = "Aarogya.Infrastructure", "src\Aarogya.Infrastructure\Aarogya.Infrastructure.csproj", "{869AC669-1E6D-41C0-B893-D041A7DCE4EA}"
EndProject
Project("{FAE04EC0-301F-11D3-BF4B-00C04F79EFBC}") = "Aarogya.Api.Tests", "tests\Aarogya.Api.Tests\Aarogya.Api.Tests.csproj", "{6D31696F-2D8A-4329-B167-C190831FAB5F}"
EndProject
Project("{FAE04EC0-301F-11D3-BF4B-00C04F79EFBC}") = "Aarogya.Domain.Tests", "tests\Aarogya.Domain.Tests\Aarogya.Domain.Tests.csproj", "{84A23161-4451-442B-8B84-F783C7963A37}"
EndProject
Project("{2150E333-8FDC-42A3-9474-1A3956D46DE8}") = "tests", "tests", "{0AB3BF05-4346-4AA6-1389-037BE0695223}"
EndProject
Project("{FAE04EC0-301F-11D3-BF4B-00C04F79EFBC}") = "Aarogya.Infrastructure.Tests", "tests\Aarogya.Infrastructure.Tests\Aarogya.Infrastructure.Tests.csproj", "{D8B8F81F-CCBE-49A3-9CAD-79425B05497B}"
EndProject
Project("{FAE04EC0-301F-11D3-BF4B-00C04F79EFBC}") = "AppHost", "AppHost\AppHost.csproj", "{9B31833C-552A-494E-86D5-760B4DD66797}"
EndProject
Global
	GlobalSection(SolutionConfigurationPlatforms) = preSolution
		Debug|Any CPU = Debug|Any CPU
		Debug|x64 = Debug|x64
		Debug|x86 = Debug|x86
		Release|Any CPU = Release|Any CPU
		Release|x64 = Release|x64
		Release|x86 = Release|x86
	EndGlobalSection
	GlobalSection(ProjectConfigurationPlatforms) = postSolution
		{448A5953-D6CC-4E53-AD9D-17F92B3A0E4E}.Debug|Any CPU.ActiveCfg = Debug|Any CPU
		{448A5953-D6CC-4E53-AD9D-17F92B3A0E4E}.Debug|Any CPU.Build.0 = Debug|Any CPU
		{448A5953-D6CC-4E53-AD9D-17F92B3A0E4E}.Debug|x64.ActiveCfg = Debug|Any CPU
		{448A5953-D6CC-4E53-AD9D-17F92B3A0E4E}.Debug|x64.Build.0 = Debug|Any CPU
		{448A5953-D6CC-4E53-AD9D-17F92B3A0E4E}.Debug|x86.ActiveCfg = Debug|Any CPU
		{448A5953-D6CC-4E53-AD9D-17F92B3A0E4E}.Debug|x86.Build.0 = Debug|Any CPU
		{448A5953-D6CC-4E53-AD9D-17F92B3A0E4E}.Release|Any CPU.ActiveCfg = Release|Any CPU
		{448A5953-D6CC-4E53-AD9D-17F92B3A0E4E}.Release|Any CPU.Build.0 = Release|Any CPU
		{448A5953-D6CC-4E53-AD9D-17F92B3A0E4E}.Release|x64.ActiveCfg = Release|Any CPU
		{448A5953-D6CC-4E53-AD9D-17F92B3A0E4E}.Release|x64.Build.0 = Release|Any CPU
		{448A5953-D6CC-4E53-AD9D-17F92B3A0E4E}.Release|x86.ActiveCfg = Release|Any CPU
		{448A5953-D6CC-4E53-AD9D-17F92B3A0E4E}.Release|x86.Build.0 = Release|Any CPU
		{1C7E056B-115C-43A8-8C14-3FDFC2660734}.Debug|Any CPU.ActiveCfg = Debug|Any CPU
		{1C7E056B-115C-43A8-8C14-3FDFC2660734}.Debug|Any CPU.Build.0 = Debug|Any CPU
		{1C7E056B-115C-43A8-8C14-3FDFC2660734}.Debug|x64.ActiveCfg = Debug|Any CPU
		{1C7E056B-115C-43A8-8C14-3FDFC2660734}.Debug|x64.Build.0 = Debug|Any CPU
		{1C7E056B-115C-43A8-8C14-3FDFC2660734}.Debug|x86.ActiveCfg = Debug|Any CPU
		{1C7E056B-115C-43A8-8C14-3FDFC2660734}.Debug|x86.Build.0 = Debug|Any CPU
		{1C7E056B-115C-43A8-8C14-3FDFC2660734}.Release|Any CPU.ActiveCfg = Release|Any CPU
		{1C7E056B-115C-43A8-8C14-3FDFC2660734}.Release|Any CPU.Build.0 = Release|Any CPU
		{1C7E056B-115C-43A8-8C14-3FDFC2660734}.Release|x64.ActiveCfg = Release|Any CPU
		{1C7E056B-115C-43A8-8C14-3FDFC2660734}.Release|x64.Build.0 = Release|Any CPU
		{1C7E056B-115C-43A8-8C14-3FDFC2660734}.Release|x86.ActiveCfg = Release|Any CPU
		{1C7E056B-115C-43A8-8C14-3FDFC2660734}.Release|x86.Build.0 = Release|Any CPU
		{869AC669-1E6D-41C0-B893-D041A7DCE4EA}.Debug|Any CPU.ActiveCfg = Debug|Any CPU
		{869AC669-1E6D-41C0-B893-D041A7DCE4EA}.Debug|Any CPU.Build.0 = Debug|Any CPU
		{869AC669-1E6D-41C0-B893-D041A7DCE4EA}.Debug|x64.ActiveCfg = Debug|Any CPU
		{869AC669-1E6D-41C0-B893-D041A7DCE4EA}.Debug|x64.Build.0 = Debug|Any CPU
		{869AC669-1E6D-41C0-B893-D041A7DCE4EA}.Debug|x86.ActiveCfg = Debug|Any CPU
		{869AC669-1E6D-41C0-B893-D041A7DCE4EA}.Debug|x86.Build.0 = Debug|Any CPU
		{869AC669-1E6D-41C0-B893-D041A7DCE4EA}.Release|Any CPU.ActiveCfg = Release|Any CPU
		{869AC669-1E6D-41C0-B893-D041A7DCE4EA}.Release|Any CPU.Build.0 = Release|Any CPU
		{869AC669-1E6D-41C0-B893-D041A7DCE4EA}.Release|x64.ActiveCfg = Release|Any CPU
		{869AC669-1E6D-41C0-B893-D041A7DCE4EA}.Release|x64.Build.0 = Release|Any CPU
		{869AC669-1E6D-41C0-B893-D041A7DCE4EA}.Release|x86.ActiveCfg = Release|Any CPU
		{869AC669-1E6D-41C0-B893-D041A7DCE4EA}.Release|x86.Build.0 = Release|Any CPU
		{6D31696F-2D8A-4329-B167-C190831FAB5F}.Debug|Any CPU.ActiveCfg = Debug|Any CPU
		{6D31696F-2D8A-4329-B167-C190831FAB5F}.Debug|Any CPU.Build.0 = Debug|Any CPU
		{6D31696F-2D8A-4329-B167-C190831FAB5F}.Debug|x64.ActiveCfg = Debug|Any CPU
		{6D31696F-2D8A-4329-B167-C190831FAB5F}.Debug|x64.Build.0 = Debug|Any CPU
		{6D31696F-2D8A-4329-B167-C190831FAB5F}.Debug|x86.ActiveCfg = Debug|Any CPU
		{6D31696F-2D8A-4329-B167-C190831FAB5F}.Debug|x86.Build.0 = Debug|Any CPU
		{6D31696F-2D8A-4329-B167-C190831FAB5F}.Release|Any CPU.ActiveCfg = Release|Any CPU
		{6D31696F-2D8A-4329-B167-C190831FAB5F}.Release|Any CPU.Build.0 = Release|Any CPU
		{6D31696F-2D8A-4329-B167-C190831FAB5F}.Release|x64.ActiveCfg = Release|Any CPU
		{6D31696F-2D8A-4329-B167-C190831FAB5F}.Release|x64.Build.0 = Release|Any CPU
		{6D31696F-2D8A-4329-B167-C190831FAB5F}.Release|x86.ActiveCfg = Release|Any CPU
		{6D31696F-2D8A-4329-B167-C190831FAB5F}.Release|x86.Build.0 = Release|Any CPU
		{84A23161-4451-442B-8B84-F783C7963A37}.Debug|Any CPU.ActiveCfg = Debug|Any CPU
		{84A23161-4451-442B-8B84-F783C7963A37}.Debug|Any CPU.Build.0 = Debug|Any CPU
		{84A23161-4451-442B-8B84-F783C7963A37}.Debug|x64.ActiveCfg = Debug|Any CPU
		{84A23161-4451-442B-8B84-F783C7963A37}.Debug|x64.Build.0 = Debug|Any CPU
		{84A23161-4451-442B-8B84-F783C7963A37}.Debug|x86.ActiveCfg = Debug|Any CPU
		{84A23161-4451-442B-8B84-F783C7963A37}.Debug|x86.Build.0 = Debug|Any CPU
		{84A23161-4451-442B-8B84-F783C7963A37}.Release|Any CPU.ActiveCfg = Release|Any CPU
		{84A23161-4451-442B-8B84-F783C7963A37}.Release|Any CPU.Build.0 = Release|Any CPU
		{84A23161-4451-442B-8B84-F783C7963A37}.Release|x64.ActiveCfg = Release|Any CPU
		{84A23161-4451-442B-8B84-F783C7963A37}.Release|x64.Build.0 = Release|Any CPU
		{84A23161-4451-442B-8B84-F783C7963A37}.Release|x86.ActiveCfg = Release|Any CPU
		{84A23161-4451-442B-8B84-F783C7963A37}.Release|x86.Build.0 = Release|Any CPU
		{D8B8F81F-CCBE-49A3-9CAD-79425B05497B}.Debug|Any CPU.ActiveCfg = Debug|Any CPU
		{D8B8F81F-CCBE-49A3-9CAD-79425B05497B}.Debug|Any CPU.Build.0 = Debug|Any CPU
		{D8B8F81F-CCBE-49A3-9CAD-79425B05497B}.Debug|x64.ActiveCfg = Debug|Any CPU
		{D8B8F81F-CCBE-49A3-9CAD-79425B05497B}.Debug|x64.Build.0 = Debug|Any CPU
		{D8B8F81F-CCBE-49A3-9CAD-79425B05497B}.Debug|x86.ActiveCfg = Debug|Any CPU
		{D8B8F81F-CCBE-49A3-9CAD-79425B05497B}.Debug|x86.Build.0 = Debug|Any CPU
		{D8B8F81F-CCBE-49A3-9CAD-79425B05497B}.Release|Any CPU.ActiveCfg = Release|Any CPU
		{D8B8F81F-CCBE-49A3-9CAD-79425B05497B}.Release|Any CPU.Build.0 = Release|Any CPU
		{D8B8F81F-CCBE-49A3-9CAD-79425B05497B}.Release|x64.ActiveCfg = Release|Any CPU
		{D8B8F81F-CCBE-49A3-9CAD-79425B05497B}.Release|x64.Build.0 = Release|Any CPU
		{D8B8F81F-CCBE-49A3-9CAD-79425B05497B}.Release|x86.ActiveCfg = Release|Any CPU
		{D8B8F81F-CCBE-49A3-9CAD-79425B05497B}.Release|x86.Build.0 = Release|Any CPU
		{9B31833C-552A-494E-86D5-760B4DD66797}.Debug|Any CPU.ActiveCfg = Debug|Any CPU
		{9B31833C-552A-494E-86D5-760B4DD66797}.Debug|Any CPU.Build.0 = Debug|Any CPU
		{9B31833C-552A-494E-86D5-760B4DD66797}.Debug|x64.ActiveCfg = Debug|Any CPU
		{9B31833C-552A-494E-86D5-760B4DD66797}.Debug|x64.Build.0 = Debug|Any CPU
		{9B31833C-552A-494E-86D5-760B4DD66797}.Debug|x86.ActiveCfg = Debug|Any CPU
		{9B31833C-552A-494E-86D5-760B4DD66797}.Debug|x86.Build.0 = Debug|Any CPU
		{9B31833C-552A-494E-86D5-760B4DD66797}.Release|Any CPU.ActiveCfg = Release|Any CPU
		{9B31833C-552A-494E-86D5-760B4DD66797}.Release|Any CPU.Build.0 = Release|Any CPU
		{9B31833C-552A-494E-86D5-760B4DD66797}.Release|x64.ActiveCfg = Release|Any CPU
		{9B31833C-552A-494E-86D5-760B4DD66797}.Release|x64.Build.0 = Release|Any CPU
		{9B31833C-552A-494E-86D5-760B4DD66797}.Release|x86.ActiveCfg = Release|Any CPU
		{9B31833C-552A-494E-86D5-760B4DD66797}.Release|x86.Build.0 = Release|Any CPU
	EndGlobalSection
	GlobalSection(SolutionProperties) = preSolution
		HideSolutionNode = FALSE
	EndGlobalSection
	GlobalSection(NestedProjects) = preSolution
		{448A5953-D6CC-4E53-AD9D-17F92B3A0E4E} = {827E0CD3-B72D-47B6-A68D-7590B98EB39B}
		{1C7E056B-115C-43A8-8C14-3FDFC2660734} = {827E0CD3-B72D-47B6-A68D-7590B98EB39B}
		{869AC669-1E6D-41C0-B893-D041A7DCE4EA} = {827E0CD3-B72D-47B6-A68D-7590B98EB39B}
		{6D31696F-2D8A-4329-B167-C190831FAB5F} = {827E0CD3-B72D-47B6-A68D-7590B98EB39B}
		{84A23161-4451-442B-8B84-F783C7963A37} = {827E0CD3-B72D-47B6-A68D-7590B98EB39B}
		{D8B8F81F-CCBE-49A3-9CAD-79425B05497B} = {0AB3BF05-4346-4AA6-1389-037BE0695223}
	EndGlobalSection
EndGlobal
